// !$*UTF8*$!
{
	archiveVersion = 1;
	classes = {
	};
	objectVersion = 51;
	objects = {

/* Begin PBXBuildFile section */
		0674DC025CB65A56E5E6BA67 /* Pods_SportMapTests.framework in Frameworks */ = {isa = PBXBuildFile; fileRef = A7EC3F2A64BFCFD99FAE2151 /* Pods_SportMapTests.framework */; };
		32CED9066A227875C2DAE84A /* Pods_SportMap.framework in Frameworks */ = {isa = PBXBuildFile; fileRef = 5ACCE8F3C28722E572322D54 /* Pods_SportMap.framework */; };
		6209720F8D2E84924978B7C5 /* Pods_SportMapUITests.framework in Frameworks */ = {isa = PBXBuildFile; fileRef = 8015E3FE06580729C8B17898 /* Pods_SportMapUITests.framework */; };
		AB4DFCEF22CB9796007EACF4 /* AppDelegate.swift in Sources */ = {isa = PBXBuildFile; fileRef = AB4DFCEE22CB9796007EACF4 /* AppDelegate.swift */; };
		AB4DFCF122CB9796007EACF4 /* ViewController.swift in Sources */ = {isa = PBXBuildFile; fileRef = AB4DFCF022CB9796007EACF4 /* ViewController.swift */; };
		AB4DFCF422CB9796007EACF4 /* Main.storyboard in Resources */ = {isa = PBXBuildFile; fileRef = AB4DFCF222CB9796007EACF4 /* Main.storyboard */; };
		AB4DFCF622CB9797007EACF4 /* Assets.xcassets in Resources */ = {isa = PBXBuildFile; fileRef = AB4DFCF522CB9797007EACF4 /* Assets.xcassets */; };
		AB4DFCF922CB9797007EACF4 /* LaunchScreen.storyboard in Resources */ = {isa = PBXBuildFile; fileRef = AB4DFCF722CB9797007EACF4 /* LaunchScreen.storyboard */; };
		AB4DFD0422CB9797007EACF4 /* SportMapTests.swift in Sources */ = {isa = PBXBuildFile; fileRef = AB4DFD0322CB9797007EACF4 /* SportMapTests.swift */; };
		AB4DFD0F22CB9797007EACF4 /* SportMapUITests.swift in Sources */ = {isa = PBXBuildFile; fileRef = AB4DFD0E22CB9797007EACF4 /* SportMapUITests.swift */; };
		AB4DFD1D22CB9B50007EACF4 /* SportGround.swift in Sources */ = {isa = PBXBuildFile; fileRef = AB4DFD1C22CB9B50007EACF4 /* SportGround.swift */; };
		ABC0432922CE1F67007DA404 /* GoogleService-Info.plist in Resources */ = {isa = PBXBuildFile; fileRef = ABC0432822CE1F67007DA404 /* GoogleService-Info.plist */; };
/* End PBXBuildFile section */

/* Begin PBXContainerItemProxy section */
		AB4DFD0022CB9797007EACF4 /* PBXContainerItemProxy */ = {
			isa = PBXContainerItemProxy;
			containerPortal = AB4DFCE322CB9796007EACF4 /* Project object */;
			proxyType = 1;
			remoteGlobalIDString = AB4DFCEA22CB9796007EACF4;
			remoteInfo = SportMap;
		};
		AB4DFD0B22CB9797007EACF4 /* PBXContainerItemProxy */ = {
			isa = PBXContainerItemProxy;
			containerPortal = AB4DFCE322CB9796007EACF4 /* Project object */;
			proxyType = 1;
			remoteGlobalIDString = AB4DFCEA22CB9796007EACF4;
			remoteInfo = SportMap;
		};
/* End PBXContainerItemProxy section */

/* Begin PBXFileReference section */
		1662F822D347D3F272D12556 /* Pods-SportMapUITests.debug.xcconfig */ = {isa = PBXFileReference; includeInIndex = 1; lastKnownFileType = text.xcconfig; name = "Pods-SportMapUITests.debug.xcconfig"; path = "Target Support Files/Pods-SportMapUITests/Pods-SportMapUITests.debug.xcconfig"; sourceTree = "<group>"; };
		36D728B35992BCD9AB213913 /* Pods-SportMap.release.xcconfig */ = {isa = PBXFileReference; includeInIndex = 1; lastKnownFileType = text.xcconfig; name = "Pods-SportMap.release.xcconfig"; path = "Target Support Files/Pods-SportMap/Pods-SportMap.release.xcconfig"; sourceTree = "<group>"; };
		5ACCE8F3C28722E572322D54 /* Pods_SportMap.framework */ = {isa = PBXFileReference; explicitFileType = wrapper.framework; includeInIndex = 0; path = Pods_SportMap.framework; sourceTree = BUILT_PRODUCTS_DIR; };
		62B9A49422333F4CBC512181 /* Pods-SportMapTests.debug.xcconfig */ = {isa = PBXFileReference; includeInIndex = 1; lastKnownFileType = text.xcconfig; name = "Pods-SportMapTests.debug.xcconfig"; path = "Target Support Files/Pods-SportMapTests/Pods-SportMapTests.debug.xcconfig"; sourceTree = "<group>"; };
		8015E3FE06580729C8B17898 /* Pods_SportMapUITests.framework */ = {isa = PBXFileReference; explicitFileType = wrapper.framework; includeInIndex = 0; path = Pods_SportMapUITests.framework; sourceTree = BUILT_PRODUCTS_DIR; };
		A7EC3F2A64BFCFD99FAE2151 /* Pods_SportMapTests.framework */ = {isa = PBXFileReference; explicitFileType = wrapper.framework; includeInIndex = 0; path = Pods_SportMapTests.framework; sourceTree = BUILT_PRODUCTS_DIR; };
		AB4DFCEB22CB9796007EACF4 /* SportMap.app */ = {isa = PBXFileReference; explicitFileType = wrapper.application; includeInIndex = 0; path = SportMap.app; sourceTree = BUILT_PRODUCTS_DIR; };
		AB4DFCEE22CB9796007EACF4 /* AppDelegate.swift */ = {isa = PBXFileReference; lastKnownFileType = sourcecode.swift; path = AppDelegate.swift; sourceTree = "<group>"; };
		AB4DFCF022CB9796007EACF4 /* ViewController.swift */ = {isa = PBXFileReference; lastKnownFileType = sourcecode.swift; path = ViewController.swift; sourceTree = "<group>"; };
		AB4DFCF322CB9796007EACF4 /* Base */ = {isa = PBXFileReference; lastKnownFileType = file.storyboard; name = Base; path = Base.lproj/Main.storyboard; sourceTree = "<group>"; };
		AB4DFCF522CB9797007EACF4 /* Assets.xcassets */ = {isa = PBXFileReference; lastKnownFileType = folder.assetcatalog; path = Assets.xcassets; sourceTree = "<group>"; };
		AB4DFCF822CB9797007EACF4 /* Base */ = {isa = PBXFileReference; lastKnownFileType = file.storyboard; name = Base; path = Base.lproj/LaunchScreen.storyboard; sourceTree = "<group>"; };
		AB4DFCFA22CB9797007EACF4 /* Info.plist */ = {isa = PBXFileReference; lastKnownFileType = text.plist.xml; path = Info.plist; sourceTree = "<group>"; };
		AB4DFCFF22CB9797007EACF4 /* SportMapTests.xctest */ = {isa = PBXFileReference; explicitFileType = wrapper.cfbundle; includeInIndex = 0; path = SportMapTests.xctest; sourceTree = BUILT_PRODUCTS_DIR; };
		AB4DFD0322CB9797007EACF4 /* SportMapTests.swift */ = {isa = PBXFileReference; lastKnownFileType = sourcecode.swift; path = SportMapTests.swift; sourceTree = "<group>"; };
		AB4DFD0522CB9797007EACF4 /* Info.plist */ = {isa = PBXFileReference; lastKnownFileType = text.plist.xml; path = Info.plist; sourceTree = "<group>"; };
		AB4DFD0A22CB9797007EACF4 /* SportMapUITests.xctest */ = {isa = PBXFileReference; explicitFileType = wrapper.cfbundle; includeInIndex = 0; path = SportMapUITests.xctest; sourceTree = BUILT_PRODUCTS_DIR; };
		AB4DFD0E22CB9797007EACF4 /* SportMapUITests.swift */ = {isa = PBXFileReference; lastKnownFileType = sourcecode.swift; path = SportMapUITests.swift; sourceTree = "<group>"; };
		AB4DFD1022CB9797007EACF4 /* Info.plist */ = {isa = PBXFileReference; lastKnownFileType = text.plist.xml; path = Info.plist; sourceTree = "<group>"; };
		AB4DFD1C22CB9B50007EACF4 /* SportGround.swift */ = {isa = PBXFileReference; lastKnownFileType = sourcecode.swift; path = SportGround.swift; sourceTree = "<group>"; };
		ABC0432822CE1F67007DA404 /* GoogleService-Info.plist */ = {isa = PBXFileReference; fileEncoding = 4; lastKnownFileType = text.plist.xml; path = "GoogleService-Info.plist"; sourceTree = "<group>"; };
		AE5F49597AFC6D4512ADF473 /* Pods-SportMapUITests.release.xcconfig */ = {isa = PBXFileReference; includeInIndex = 1; lastKnownFileType = text.xcconfig; name = "Pods-SportMapUITests.release.xcconfig"; path = "Target Support Files/Pods-SportMapUITests/Pods-SportMapUITests.release.xcconfig"; sourceTree = "<group>"; };
		DBEC488ED3782D54C1D5F742 /* Pods-SportMap.debug.xcconfig */ = {isa = PBXFileReference; includeInIndex = 1; lastKnownFileType = text.xcconfig; name = "Pods-SportMap.debug.xcconfig"; path = "Target Support Files/Pods-SportMap/Pods-SportMap.debug.xcconfig"; sourceTree = "<group>"; };
		E76FDA1285D78FCACDD89E13 /* Pods-SportMapTests.release.xcconfig */ = {isa = PBXFileReference; includeInIndex = 1; lastKnownFileType = text.xcconfig; name = "Pods-SportMapTests.release.xcconfig"; path = "Target Support Files/Pods-SportMapTests/Pods-SportMapTests.release.xcconfig"; sourceTree = "<group>"; };
/* End PBXFileReference section */

/* Begin PBXFrameworksBuildPhase section */
		AB4DFCE822CB9796007EACF4 /* Frameworks */ = {
			isa = PBXFrameworksBuildPhase;
			buildActionMask = 2147483647;
			files = (
				32CED9066A227875C2DAE84A /* Pods_SportMap.framework in Frameworks */,
			);
			runOnlyForDeploymentPostprocessing = 0;
		};
		AB4DFCFC22CB9797007EACF4 /* Frameworks */ = {
			isa = PBXFrameworksBuildPhase;
			buildActionMask = 2147483647;
			files = (
				0674DC025CB65A56E5E6BA67 /* Pods_SportMapTests.framework in Frameworks */,
			);
			runOnlyForDeploymentPostprocessing = 0;
		};
		AB4DFD0722CB9797007EACF4 /* Frameworks */ = {
			isa = PBXFrameworksBuildPhase;
			buildActionMask = 2147483647;
			files = (
				6209720F8D2E84924978B7C5 /* Pods_SportMapUITests.framework in Frameworks */,
			);
			runOnlyForDeploymentPostprocessing = 0;
		};
/* End PBXFrameworksBuildPhase section */

/* Begin PBXGroup section */
		AB4DFCE222CB9796007EACF4 = {
			isa = PBXGroup;
			children = (
				AB4DFCED22CB9796007EACF4 /* SportMap */,
				AB4DFD0222CB9797007EACF4 /* SportMapTests */,
				AB4DFD0D22CB9797007EACF4 /* SportMapUITests */,
				AB4DFCEC22CB9796007EACF4 /* Products */,
				DC0B634D9489FB8718D12F4B /* Pods */,
				C094808EBA8976542FD6AF62 /* Frameworks */,
			);
			sourceTree = "<group>";
		};
		AB4DFCEC22CB9796007EACF4 /* Products */ = {
			isa = PBXGroup;
			children = (
				AB4DFCEB22CB9796007EACF4 /* SportMap.app */,
				AB4DFCFF22CB9797007EACF4 /* SportMapTests.xctest */,
				AB4DFD0A22CB9797007EACF4 /* SportMapUITests.xctest */,
			);
			name = Products;
			sourceTree = "<group>";
		};
		AB4DFCED22CB9796007EACF4 /* SportMap */ = {
			isa = PBXGroup;
			children = (
				AB4DFCEE22CB9796007EACF4 /* AppDelegate.swift */,
				AB4DFCF022CB9796007EACF4 /* ViewController.swift */,
				AB4DFCF222CB9796007EACF4 /* Main.storyboard */,
				AB4DFD1C22CB9B50007EACF4 /* SportGround.swift */,
				AB4DFCF522CB9797007EACF4 /* Assets.xcassets */,
				AB4DFCF722CB9797007EACF4 /* LaunchScreen.storyboard */,
				AB4DFCFA22CB9797007EACF4 /* Info.plist */,
				ABC0432822CE1F67007DA404 /* GoogleService-Info.plist */,
			);
			path = SportMap;
			sourceTree = "<group>";
		};
		AB4DFD0222CB9797007EACF4 /* SportMapTests */ = {
			isa = PBXGroup;
			children = (
				AB4DFD0322CB9797007EACF4 /* SportMapTests.swift */,
				AB4DFD0522CB9797007EACF4 /* Info.plist */,
			);
			path = SportMapTests;
			sourceTree = "<group>";
		};
		AB4DFD0D22CB9797007EACF4 /* SportMapUITests */ = {
			isa = PBXGroup;
			children = (
				AB4DFD0E22CB9797007EACF4 /* SportMapUITests.swift */,
				AB4DFD1022CB9797007EACF4 /* Info.plist */,
			);
			path = SportMapUITests;
			sourceTree = "<group>";
		};
		C094808EBA8976542FD6AF62 /* Frameworks */ = {
			isa = PBXGroup;
			children = (
				5ACCE8F3C28722E572322D54 /* Pods_SportMap.framework */,
				A7EC3F2A64BFCFD99FAE2151 /* Pods_SportMapTests.framework */,
				8015E3FE06580729C8B17898 /* Pods_SportMapUITests.framework */,
			);
			name = Frameworks;
			sourceTree = "<group>";
		};
		DC0B634D9489FB8718D12F4B /* Pods */ = {
			isa = PBXGroup;
			children = (
				DBEC488ED3782D54C1D5F742 /* Pods-SportMap.debug.xcconfig */,
				36D728B35992BCD9AB213913 /* Pods-SportMap.release.xcconfig */,
				62B9A49422333F4CBC512181 /* Pods-SportMapTests.debug.xcconfig */,
				E76FDA1285D78FCACDD89E13 /* Pods-SportMapTests.release.xcconfig */,
				1662F822D347D3F272D12556 /* Pods-SportMapUITests.debug.xcconfig */,
				AE5F49597AFC6D4512ADF473 /* Pods-SportMapUITests.release.xcconfig */,
			);
			path = Pods;
			sourceTree = "<group>";
		};
/* End PBXGroup section */

/* Begin PBXNativeTarget section */
		AB4DFCEA22CB9796007EACF4 /* SportMap */ = {
			isa = PBXNativeTarget;
			buildConfigurationList = AB4DFD1322CB9797007EACF4 /* Build configuration list for PBXNativeTarget "SportMap" */;
			buildPhases = (
				10EA860EBCE9A25AC3CDA86F /* [CP] Check Pods Manifest.lock */,
				AB4DFCE722CB9796007EACF4 /* Sources */,
				AB4DFCE822CB9796007EACF4 /* Frameworks */,
				AB4DFCE922CB9796007EACF4 /* Resources */,
				B9DEBEBC54435680B586884F /* [CP] Embed Pods Frameworks */,
			);
			buildRules = (
			);
			dependencies = (
			);
			name = SportMap;
			productName = SportMap;
			productReference = AB4DFCEB22CB9796007EACF4 /* SportMap.app */;
			productType = "com.apple.product-type.application";
		};
		AB4DFCFE22CB9797007EACF4 /* SportMapTests */ = {
			isa = PBXNativeTarget;
			buildConfigurationList = AB4DFD1622CB9797007EACF4 /* Build configuration list for PBXNativeTarget "SportMapTests" */;
			buildPhases = (
				F4CCC3520EC6F40169DF2902 /* [CP] Check Pods Manifest.lock */,
				AB4DFCFB22CB9797007EACF4 /* Sources */,
				AB4DFCFC22CB9797007EACF4 /* Frameworks */,
				AB4DFCFD22CB9797007EACF4 /* Resources */,
			);
			buildRules = (
			);
			dependencies = (
				AB4DFD0122CB9797007EACF4 /* PBXTargetDependency */,
			);
			name = SportMapTests;
			productName = SportMapTests;
			productReference = AB4DFCFF22CB9797007EACF4 /* SportMapTests.xctest */;
			productType = "com.apple.product-type.bundle.unit-test";
		};
		AB4DFD0922CB9797007EACF4 /* SportMapUITests */ = {
			isa = PBXNativeTarget;
			buildConfigurationList = AB4DFD1922CB9797007EACF4 /* Build configuration list for PBXNativeTarget "SportMapUITests" */;
			buildPhases = (
				E72E4081BFBB07E029BFB366 /* [CP] Check Pods Manifest.lock */,
				AB4DFD0622CB9797007EACF4 /* Sources */,
				AB4DFD0722CB9797007EACF4 /* Frameworks */,
				AB4DFD0822CB9797007EACF4 /* Resources */,
			);
			buildRules = (
			);
			dependencies = (
				AB4DFD0C22CB9797007EACF4 /* PBXTargetDependency */,
			);
			name = SportMapUITests;
			productName = SportMapUITests;
			productReference = AB4DFD0A22CB9797007EACF4 /* SportMapUITests.xctest */;
			productType = "com.apple.product-type.bundle.ui-testing";
		};
/* End PBXNativeTarget section */

/* Begin PBXProject section */
		AB4DFCE322CB9796007EACF4 /* Project object */ = {
			isa = PBXProject;
			attributes = {
				LastSwiftUpdateCheck = 1020;
				LastUpgradeCheck = 1020;
				ORGANIZATIONNAME = Jonathan;
				TargetAttributes = {
					AB4DFCEA22CB9796007EACF4 = {
						CreatedOnToolsVersion = 10.2.1;
					};
					AB4DFCFE22CB9797007EACF4 = {
						CreatedOnToolsVersion = 10.2.1;
						TestTargetID = AB4DFCEA22CB9796007EACF4;
					};
					AB4DFD0922CB9797007EACF4 = {
						CreatedOnToolsVersion = 10.2.1;
						TestTargetID = AB4DFCEA22CB9796007EACF4;
					};
				};
			};
			buildConfigurationList = AB4DFCE622CB9796007EACF4 /* Build configuration list for PBXProject "SportMap" */;
			compatibilityVersion = "Xcode 9.3";
			developmentRegion = en;
			hasScannedForEncodings = 0;
			knownRegions = (
				en,
				Base,
			);
			mainGroup = AB4DFCE222CB9796007EACF4;
			productRefGroup = AB4DFCEC22CB9796007EACF4 /* Products */;
			projectDirPath = "";
			projectRoot = "";
			targets = (
				AB4DFCEA22CB9796007EACF4 /* SportMap */,
				AB4DFCFE22CB9797007EACF4 /* SportMapTests */,
				AB4DFD0922CB9797007EACF4 /* SportMapUITests */,
			);
		};
/* End PBXProject section */

/* Begin PBXResourcesBuildPhase section */
		AB4DFCE922CB9796007EACF4 /* Resources */ = {
			isa = PBXResourcesBuildPhase;
			buildActionMask = 2147483647;
			files = (
				AB4DFCF922CB9797007EACF4 /* LaunchScreen.storyboard in Resources */,
				ABC0432922CE1F67007DA404 /* GoogleService-Info.plist in Resources */,
				AB4DFCF622CB9797007EACF4 /* Assets.xcassets in Resources */,
				AB4DFCF422CB9796007EACF4 /* Main.storyboard in Resources */,
			);
			runOnlyForDeploymentPostprocessing = 0;
		};
		AB4DFCFD22CB9797007EACF4 /* Resources */ = {
			isa = PBXResourcesBuildPhase;
			buildActionMask = 2147483647;
			files = (
			);
			runOnlyForDeploymentPostprocessing = 0;
		};
		AB4DFD0822CB9797007EACF4 /* Resources */ = {
			isa = PBXResourcesBuildPhase;
			buildActionMask = 2147483647;
			files = (
			);
			runOnlyForDeploymentPostprocessing = 0;
		};
/* End PBXResourcesBuildPhase section */

/* Begin PBXShellScriptBuildPhase section */
		10EA860EBCE9A25AC3CDA86F /* [CP] Check Pods Manifest.lock */ = {
			isa = PBXShellScriptBuildPhase;
			buildActionMask = 2147483647;
			files = (
			);
			inputFileListPaths = (
			);
			inputPaths = (
				"${PODS_PODFILE_DIR_PATH}/Podfile.lock",
				"${PODS_ROOT}/Manifest.lock",
			);
			name = "[CP] Check Pods Manifest.lock";
			outputFileListPaths = (
			);
			outputPaths = (
				"$(DERIVED_FILE_DIR)/Pods-SportMap-checkManifestLockResult.txt",
			);
			runOnlyForDeploymentPostprocessing = 0;
			shellPath = /bin/sh;
			shellScript = "diff \"${PODS_PODFILE_DIR_PATH}/Podfile.lock\" \"${PODS_ROOT}/Manifest.lock\" > /dev/null\nif [ $? != 0 ] ; then\n    # print error to STDERR\n    echo \"error: The sandbox is not in sync with the Podfile.lock. Run 'pod install' or update your CocoaPods installation.\" >&2\n    exit 1\nfi\n# This output is used by Xcode 'outputs' to avoid re-running this script phase.\necho \"SUCCESS\" > \"${SCRIPT_OUTPUT_FILE_0}\"\n";
			showEnvVarsInLog = 0;
		};
		B9DEBEBC54435680B586884F /* [CP] Embed Pods Frameworks */ = {
			isa = PBXShellScriptBuildPhase;
			buildActionMask = 2147483647;
			files = (
			);
			inputFileListPaths = (
				"${PODS_ROOT}/Target Support Files/Pods-SportMap/Pods-SportMap-frameworks-${CONFIGURATION}-input-files.xcfilelist",
			);
			name = "[CP] Embed Pods Frameworks";
			outputFileListPaths = (
				"${PODS_ROOT}/Target Support Files/Pods-SportMap/Pods-SportMap-frameworks-${CONFIGURATION}-output-files.xcfilelist",
			);
			runOnlyForDeploymentPostprocessing = 0;
			shellPath = /bin/sh;
			shellScript = "\"${PODS_ROOT}/Target Support Files/Pods-SportMap/Pods-SportMap-frameworks.sh\"\n";
			showEnvVarsInLog = 0;
		};
		E72E4081BFBB07E029BFB366 /* [CP] Check Pods Manifest.lock */ = {
			isa = PBXShellScriptBuildPhase;
			buildActionMask = 2147483647;
			files = (
			);
			inputFileListPaths = (
			);
			inputPaths = (
				"${PODS_PODFILE_DIR_PATH}/Podfile.lock",
				"${PODS_ROOT}/Manifest.lock",
			);
			name = "[CP] Check Pods Manifest.lock";
			outputFileListPaths = (
			);
			outputPaths = (
				"$(DERIVED_FILE_DIR)/Pods-SportMapUITests-checkManifestLockResult.txt",
			);
			runOnlyForDeploymentPostprocessing = 0;
			shellPath = /bin/sh;
			shellScript = "diff \"${PODS_PODFILE_DIR_PATH}/Podfile.lock\" \"${PODS_ROOT}/Manifest.lock\" > /dev/null\nif [ $? != 0 ] ; then\n    # print error to STDERR\n    echo \"error: The sandbox is not in sync with the Podfile.lock. Run 'pod install' or update your CocoaPods installation.\" >&2\n    exit 1\nfi\n# This output is used by Xcode 'outputs' to avoid re-running this script phase.\necho \"SUCCESS\" > \"${SCRIPT_OUTPUT_FILE_0}\"\n";
			showEnvVarsInLog = 0;
		};
		F4CCC3520EC6F40169DF2902 /* [CP] Check Pods Manifest.lock */ = {
			isa = PBXShellScriptBuildPhase;
			buildActionMask = 2147483647;
			files = (
			);
			inputFileListPaths = (
			);
			inputPaths = (
				"${PODS_PODFILE_DIR_PATH}/Podfile.lock",
				"${PODS_ROOT}/Manifest.lock",
			);
			name = "[CP] Check Pods Manifest.lock";
			outputFileListPaths = (
			);
			outputPaths = (
				"$(DERIVED_FILE_DIR)/Pods-SportMapTests-checkManifestLockResult.txt",
			);
			runOnlyForDeploymentPostprocessing = 0;
			shellPath = /bin/sh;
			shellScript = "diff \"${PODS_PODFILE_DIR_PATH}/Podfile.lock\" \"${PODS_ROOT}/Manifest.lock\" > /dev/null\nif [ $? != 0 ] ; then\n    # print error to STDERR\n    echo \"error: The sandbox is not in sync with the Podfile.lock. Run 'pod install' or update your CocoaPods installation.\" >&2\n    exit 1\nfi\n# This output is used by Xcode 'outputs' to avoid re-running this script phase.\necho \"SUCCESS\" > \"${SCRIPT_OUTPUT_FILE_0}\"\n";
			showEnvVarsInLog = 0;
		};
/* End PBXShellScriptBuildPhase section */

/* Begin PBXSourcesBuildPhase section */
		AB4DFCE722CB9796007EACF4 /* Sources */ = {
			isa = PBXSourcesBuildPhase;
			buildActionMask = 2147483647;
			files = (
				AB4DFCF122CB9796007EACF4 /* ViewController.swift in Sources */,
				AB4DFD1D22CB9B50007EACF4 /* SportGround.swift in Sources */,
				AB4DFCEF22CB9796007EACF4 /* AppDelegate.swift in Sources */,
			);
			runOnlyForDeploymentPostprocessing = 0;
		};
		AB4DFCFB22CB9797007EACF4 /* Sources */ = {
			isa = PBXSourcesBuildPhase;
			buildActionMask = 2147483647;
			files = (
				AB4DFD0422CB9797007EACF4 /* SportMapTests.swift in Sources */,
			);
			runOnlyForDeploymentPostprocessing = 0;
		};
		AB4DFD0622CB9797007EACF4 /* Sources */ = {
			isa = PBXSourcesBuildPhase;
			buildActionMask = 2147483647;
			files = (
				AB4DFD0F22CB9797007EACF4 /* SportMapUITests.swift in Sources */,
			);
			runOnlyForDeploymentPostprocessing = 0;
		};
/* End PBXSourcesBuildPhase section */

/* Begin PBXTargetDependency section */
		AB4DFD0122CB9797007EACF4 /* PBXTargetDependency */ = {
			isa = PBXTargetDependency;
			target = AB4DFCEA22CB9796007EACF4 /* SportMap */;
			targetProxy = AB4DFD0022CB9797007EACF4 /* PBXContainerItemProxy */;
		};
		AB4DFD0C22CB9797007EACF4 /* PBXTargetDependency */ = {
			isa = PBXTargetDependency;
			target = AB4DFCEA22CB9796007EACF4 /* SportMap */;
			targetProxy = AB4DFD0B22CB9797007EACF4 /* PBXContainerItemProxy */;
		};
/* End PBXTargetDependency section */

/* Begin PBXVariantGroup section */
		AB4DFCF222CB9796007EACF4 /* Main.storyboard */ = {
			isa = PBXVariantGroup;
			children = (
				AB4DFCF322CB9796007EACF4 /* Base */,
			);
			name = Main.storyboard;
			sourceTree = "<group>";
		};
		AB4DFCF722CB9797007EACF4 /* LaunchScreen.storyboard */ = {
			isa = PBXVariantGroup;
			children = (
				AB4DFCF822CB9797007EACF4 /* Base */,
			);
			name = LaunchScreen.storyboard;
			sourceTree = "<group>";
		};
/* End PBXVariantGroup section */

/* Begin XCBuildConfiguration section */
		AB4DFD1122CB9797007EACF4 /* Debug */ = {
			isa = XCBuildConfiguration;
			buildSettings = {
				ALWAYS_SEARCH_USER_PATHS = NO;
				CLANG_ANALYZER_NONNULL = YES;
				CLANG_ANALYZER_NUMBER_OBJECT_CONVERSION = YES_AGGRESSIVE;
				CLANG_CXX_LANGUAGE_STANDARD = "gnu++14";
				CLANG_CXX_LIBRARY = "libc++";
				CLANG_ENABLE_MODULES = YES;
				CLANG_ENABLE_OBJC_ARC = YES;
				CLANG_ENABLE_OBJC_WEAK = YES;
				CLANG_WARN_BLOCK_CAPTURE_AUTORELEASING = YES;
				CLANG_WARN_BOOL_CONVERSION = YES;
				CLANG_WARN_COMMA = YES;
				CLANG_WARN_CONSTANT_CONVERSION = YES;
				CLANG_WARN_DEPRECATED_OBJC_IMPLEMENTATIONS = YES;
				CLANG_WARN_DIRECT_OBJC_ISA_USAGE = YES_ERROR;
				CLANG_WARN_DOCUMENTATION_COMMENTS = YES;
				CLANG_WARN_EMPTY_BODY = YES;
				CLANG_WARN_ENUM_CONVERSION = YES;
				CLANG_WARN_INFINITE_RECURSION = YES;
				CLANG_WARN_INT_CONVERSION = YES;
				CLANG_WARN_NON_LITERAL_NULL_CONVERSION = YES;
				CLANG_WARN_OBJC_IMPLICIT_RETAIN_SELF = YES;
				CLANG_WARN_OBJC_LITERAL_CONVERSION = YES;
				CLANG_WARN_OBJC_ROOT_CLASS = YES_ERROR;
				CLANG_WARN_RANGE_LOOP_ANALYSIS = YES;
				CLANG_WARN_STRICT_PROTOTYPES = YES;
				CLANG_WARN_SUSPICIOUS_MOVE = YES;
				CLANG_WARN_UNGUARDED_AVAILABILITY = YES_AGGRESSIVE;
				CLANG_WARN_UNREACHABLE_CODE = YES;
				CLANG_WARN__DUPLICATE_METHOD_MATCH = YES;
				CODE_SIGN_IDENTITY = "iPhone Developer";
				COPY_PHASE_STRIP = NO;
				DEBUG_INFORMATION_FORMAT = dwarf;
				ENABLE_STRICT_OBJC_MSGSEND = YES;
				ENABLE_TESTABILITY = YES;
				GCC_C_LANGUAGE_STANDARD = gnu11;
				GCC_DYNAMIC_NO_PIC = NO;
				GCC_NO_COMMON_BLOCKS = YES;
				GCC_OPTIMIZATION_LEVEL = 0;
				GCC_PREPROCESSOR_DEFINITIONS = (
					"DEBUG=1",
					"$(inherited)",
				);
				GCC_WARN_64_TO_32_BIT_CONVERSION = YES;
				GCC_WARN_ABOUT_RETURN_TYPE = YES_ERROR;
				GCC_WARN_UNDECLARED_SELECTOR = YES;
				GCC_WARN_UNINITIALIZED_AUTOS = YES_AGGRESSIVE;
				GCC_WARN_UNUSED_FUNCTION = YES;
				GCC_WARN_UNUSED_VARIABLE = YES;
				IPHONEOS_DEPLOYMENT_TARGET = 12.2;
				MTL_ENABLE_DEBUG_INFO = INCLUDE_SOURCE;
				MTL_FAST_MATH = YES;
				ONLY_ACTIVE_ARCH = YES;
				SDKROOT = iphoneos;
				SWIFT_ACTIVE_COMPILATION_CONDITIONS = DEBUG;
				SWIFT_OPTIMIZATION_LEVEL = "-Onone";
			};
			name = Debug;
		};
		AB4DFD1222CB9797007EACF4 /* Release */ = {
			isa = XCBuildConfiguration;
			buildSettings = {
				ALWAYS_SEARCH_USER_PATHS = NO;
				CLANG_ANALYZER_NONNULL = YES;
				CLANG_ANALYZER_NUMBER_OBJECT_CONVERSION = YES_AGGRESSIVE;
				CLANG_CXX_LANGUAGE_STANDARD = "gnu++14";
				CLANG_CXX_LIBRARY = "libc++";
				CLANG_ENABLE_MODULES = YES;
				CLANG_ENABLE_OBJC_ARC = YES;
				CLANG_ENABLE_OBJC_WEAK = YES;
				CLANG_WARN_BLOCK_CAPTURE_AUTORELEASING = YES;
				CLANG_WARN_BOOL_CONVERSION = YES;
				CLANG_WARN_COMMA = YES;
				CLANG_WARN_CONSTANT_CONVERSION = YES;
				CLANG_WARN_DEPRECATED_OBJC_IMPLEMENTATIONS = YES;
				CLANG_WARN_DIRECT_OBJC_ISA_USAGE = YES_ERROR;
				CLANG_WARN_DOCUMENTATION_COMMENTS = YES;
				CLANG_WARN_EMPTY_BODY = YES;
				CLANG_WARN_ENUM_CONVERSION = YES;
				CLANG_WARN_INFINITE_RECURSION = YES;
				CLANG_WARN_INT_CONVERSION = YES;
				CLANG_WARN_NON_LITERAL_NULL_CONVERSION = YES;
				CLANG_WARN_OBJC_IMPLICIT_RETAIN_SELF = YES;
				CLANG_WARN_OBJC_LITERAL_CONVERSION = YES;
				CLANG_WARN_OBJC_ROOT_CLASS = YES_ERROR;
				CLANG_WARN_RANGE_LOOP_ANALYSIS = YES;
				CLANG_WARN_STRICT_PROTOTYPES = YES;
				CLANG_WARN_SUSPICIOUS_MOVE = YES;
				CLANG_WARN_UNGUARDED_AVAILABILITY = YES_AGGRESSIVE;
				CLANG_WARN_UNREACHABLE_CODE = YES;
				CLANG_WARN__DUPLICATE_METHOD_MATCH = YES;
				CODE_SIGN_IDENTITY = "iPhone Developer";
				COPY_PHASE_STRIP = NO;
				DEBUG_INFORMATION_FORMAT = "dwarf-with-dsym";
				ENABLE_NS_ASSERTIONS = NO;
				ENABLE_STRICT_OBJC_MSGSEND = YES;
				GCC_C_LANGUAGE_STANDARD = gnu11;
				GCC_NO_COMMON_BLOCKS = YES;
				GCC_WARN_64_TO_32_BIT_CONVERSION = YES;
				GCC_WARN_ABOUT_RETURN_TYPE = YES_ERROR;
				GCC_WARN_UNDECLARED_SELECTOR = YES;
				GCC_WARN_UNINITIALIZED_AUTOS = YES_AGGRESSIVE;
				GCC_WARN_UNUSED_FUNCTION = YES;
				GCC_WARN_UNUSED_VARIABLE = YES;
				IPHONEOS_DEPLOYMENT_TARGET = 12.2;
				MTL_ENABLE_DEBUG_INFO = NO;
				MTL_FAST_MATH = YES;
				SDKROOT = iphoneos;
				SWIFT_COMPILATION_MODE = wholemodule;
				SWIFT_OPTIMIZATION_LEVEL = "-O";
				VALIDATE_PRODUCT = YES;
			};
			name = Release;
		};
		AB4DFD1422CB9797007EACF4 /* Debug */ = {
			isa = XCBuildConfiguration;
			baseConfigurationReference = DBEC488ED3782D54C1D5F742 /* Pods-SportMap.debug.xcconfig */;
			buildSettings = {
				ASSETCATALOG_COMPILER_APPICON_NAME = AppIcon;
				CODE_SIGN_STYLE = Automatic;
				INFOPLIST_FILE = SportMap/Info.plist;
				LD_RUNPATH_SEARCH_PATHS = (
					"$(inherited)",
					"@executable_path/Frameworks",
				);
				PRODUCT_BUNDLE_IDENTIFIER = "Longa-bonga.SportMap";
				PRODUCT_NAME = "$(TARGET_NAME)";
				SWIFT_VERSION = 5.0;
				TARGETED_DEVICE_FAMILY = "1,2";
			};
			name = Debug;
		};
		AB4DFD1522CB9797007EACF4 /* Release */ = {
			isa = XCBuildConfiguration;
			baseConfigurationReference = 36D728B35992BCD9AB213913 /* Pods-SportMap.release.xcconfig */;
			buildSettings = {
				ASSETCATALOG_COMPILER_APPICON_NAME = AppIcon;
				CODE_SIGN_STYLE = Automatic;
				INFOPLIST_FILE = SportMap/Info.plist;
				LD_RUNPATH_SEARCH_PATHS = (
					"$(inherited)",
					"@executable_path/Frameworks",
				);
				PRODUCT_BUNDLE_IDENTIFIER = "Longa-bonga.SportMap";
				PRODUCT_NAME = "$(TARGET_NAME)";
				SWIFT_VERSION = 5.0;
				TARGETED_DEVICE_FAMILY = "1,2";
			};
			name = Release;
		};
		AB4DFD1722CB9797007EACF4 /* Debug */ = {
			isa = XCBuildConfiguration;
			baseConfigurationReference = 62B9A49422333F4CBC512181 /* Pods-SportMapTests.debug.xcconfig */;
			buildSettings = {
				ALWAYS_EMBED_SWIFT_STANDARD_LIBRARIES = YES;
				BUNDLE_LOADER = "$(TEST_HOST)";
				CODE_SIGN_STYLE = Automatic;
				INFOPLIST_FILE = SportMapTests/Info.plist;
				LD_RUNPATH_SEARCH_PATHS = (
					"$(inherited)",
					"@executable_path/Frameworks",
					"@loader_path/Frameworks",
				);
				PRODUCT_BUNDLE_IDENTIFIER = "Longa-bonga.SportMapTests";
				PRODUCT_NAME = "$(TARGET_NAME)";
				SWIFT_VERSION = 5.0;
				TARGETED_DEVICE_FAMILY = "1,2";
				TEST_HOST = "$(BUILT_PRODUCTS_DIR)/SportMap.app/SportMap";
			};
			name = Debug;
		};
		AB4DFD1822CB9797007EACF4 /* Release */ = {
			isa = XCBuildConfiguration;
			baseConfigurationReference = E76FDA1285D78FCACDD89E13 /* Pods-SportMapTests.release.xcconfig */;
			buildSettings = {
				ALWAYS_EMBED_SWIFT_STANDARD_LIBRARIES = YES;
				BUNDLE_LOADER = "$(TEST_HOST)";
				CODE_SIGN_STYLE = Automatic;
				INFOPLIST_FILE = SportMapTests/Info.plist;
				LD_RUNPATH_SEARCH_PATHS = (
					"$(inherited)",
					"@executable_path/Frameworks",
					"@loader_path/Frameworks",
				);
				PRODUCT_BUNDLE_IDENTIFIER = "Longa-bonga.SportMapTests";
				PRODUCT_NAME = "$(TARGET_NAME)";
				SWIFT_VERSION = 5.0;
				TARGETED_DEVICE_FAMILY = "1,2";
				TEST_HOST = "$(BUILT_PRODUCTS_DIR)/SportMap.app/SportMap";
			};
			name = Release;
		};
		AB4DFD1A22CB9797007EACF4 /* Debug */ = {
			isa = XCBuildConfiguration;
			baseConfigurationReference = 1662F822D347D3F272D12556 /* Pods-SportMapUITests.debug.xcconfig */;
			buildSettings = {
				ALWAYS_EMBED_SWIFT_STANDARD_LIBRARIES = YES;
				CODE_SIGN_STYLE = Automatic;
				INFOPLIST_FILE = SportMapUITests/Info.plist;
				LD_RUNPATH_SEARCH_PATHS = (
					"$(inherited)",
					"@executable_path/Frameworks",
					"@loader_path/Frameworks",
				);
				PRODUCT_BUNDLE_IDENTIFIER = "Longa-bonga.SportMapUITests";
				PRODUCT_NAME = "$(TARGET_NAME)";
				SWIFT_VERSION = 5.0;
				TARGETED_DEVICE_FAMILY = "1,2";
				TEST_TARGET_NAME = SportMap;
			};
			name = Debug;
		};
		AB4DFD1B22CB9797007EACF4 /* Release */ = {
			isa = XCBuildConfiguration;
			baseConfigurationReference = AE5F49597AFC6D4512ADF473 /* Pods-SportMapUITests.release.xcconfig */;
			buildSettings = {
				ALWAYS_EMBED_SWIFT_STANDARD_LIBRARIES = YES;
				CODE_SIGN_STYLE = Automatic;
				INFOPLIST_FILE = SportMapUITests/Info.plist;
				LD_RUNPATH_SEARCH_PATHS = (
					"$(inherited)",
					"@executable_path/Frameworks",
					"@loader_path/Frameworks",
				);
				PRODUCT_BUNDLE_IDENTIFIER = "Longa-bonga.SportMapUITests";
				PRODUCT_NAME = "$(TARGET_NAME)";
				SWIFT_VERSION = 5.0;
				TARGETED_DEVICE_FAMILY = "1,2";
				TEST_TARGET_NAME = SportMap;
			};
			name = Release;
		};
/* End XCBuildConfiguration section */

/* Begin XCConfigurationList section */
		AB4DFCE622CB9796007EACF4 /* Build configuration list for PBXProject "SportMap" */ = {
			isa = XCConfigurationList;
			buildConfigurations = (
				AB4DFD1122CB9797007EACF4 /* Debug */,
				AB4DFD1222CB9797007EACF4 /* Release */,
			);
			defaultConfigurationIsVisible = 0;
			defaultConfigurationName = Release;
		};
		AB4DFD1322CB9797007EACF4 /* Build configuration list for PBXNativeTarget "SportMap" */ = {
			isa = XCConfigurationList;
			buildConfigurations = (
				AB4DFD1422CB9797007EACF4 /* Debug */,
				AB4DFD1522CB9797007EACF4 /* Release */,
			);
			defaultConfigurationIsVisible = 0;
			defaultConfigurationName = Release;
		};
		AB4DFD1622CB9797007EACF4 /* Build configuration list for PBXNativeTarget "SportMapTests" */ = {
			isa = XCConfigurationList;
			buildConfigurations = (
				AB4DFD1722CB9797007EACF4 /* Debug */,
				AB4DFD1822CB9797007EACF4 /* Release */,
			);
			defaultConfigurationIsVisible = 0;
			defaultConfigurationName = Release;
		};
		AB4DFD1922CB9797007EACF4 /* Build configuration list for PBXNativeTarget "SportMapUITests" */ = {
			isa = XCConfigurationList;
			buildConfigurations = (
				AB4DFD1A22CB9797007EACF4 /* Debug */,
				AB4DFD1B22CB9797007EACF4 /* Release */,
			);
			defaultConfigurationIsVisible = 0;
			defaultConfigurationName = Release;
		};
/* End XCConfigurationList section */
	};
	rootObject = AB4DFCE322CB9796007EACF4 /* Project object */;
}
